
Microsoft Visual Studio Solution File, Format Version 12.00
# Visual Studio Version 16
VisualStudioVersion = 16.0.29920.165
MinimumVisualStudioVersion = 10.0.40219.1
Project("{9A19103F-16F7-4668-BE54-9A1E7A4F7556}") = "StemExplorerAPI", "StemExplorerAPI\StemExplorerAPI.csproj", "{22463736-9B16-4E8F-9503-60D4C0D946CC}"
EndProject
Project("{9A19103F-16F7-4668-BE54-9A1E7A4F7556}") = "StemExplorerAdminAPI", "StemExplorerAdminAPI\StemExplorerAdminAPI.csproj", "{D9DFF7C0-4C1A-453B-AA0F-4A9659DC819C}"
EndProject
Project("{9A19103F-16F7-4668-BE54-9A1E7A4F7556}") = "StemExplorerData", "StemExplorerData\StemExplorerData.csproj", "{F52E31A7-4BE8-41FD-8ECD-74714F9F7C10}"
EndProject
Project("{FAE04EC0-301F-11D3-BF4B-00C04F79EFBC}") = "StemExplorerService", "StemExplorerService\StemExplorerService.csproj", "{C20C69D7-6DD2-430A-BDB7-FC9C32DB77FD}"
EndProject
Global
	GlobalSection(SolutionConfigurationPlatforms) = preSolution
		Debug|Any CPU = Debug|Any CPU
		Release|Any CPU = Release|Any CPU
	EndGlobalSection
	GlobalSection(ProjectConfigurationPlatforms) = postSolution
		{22463736-9B16-4E8F-9503-60D4C0D946CC}.Debug|Any CPU.ActiveCfg = Debug|Any CPU
		{22463736-9B16-4E8F-9503-60D4C0D946CC}.Debug|Any CPU.Build.0 = Debug|Any CPU
		{22463736-9B16-4E8F-9503-60D4C0D946CC}.Release|Any CPU.ActiveCfg = Release|Any CPU
		{22463736-9B16-4E8F-9503-60D4C0D946CC}.Release|Any CPU.Build.0 = Release|Any CPU
		{D9DFF7C0-4C1A-453B-AA0F-4A9659DC819C}.Debug|Any CPU.ActiveCfg = Debug|Any CPU
		{D9DFF7C0-4C1A-453B-AA0F-4A9659DC819C}.Debug|Any CPU.Build.0 = Debug|Any CPU
		{D9DFF7C0-4C1A-453B-AA0F-4A9659DC819C}.Release|Any CPU.ActiveCfg = Release|Any CPU
		{D9DFF7C0-4C1A-453B-AA0F-4A9659DC819C}.Release|Any CPU.Build.0 = Release|Any CPU
		{F52E31A7-4BE8-41FD-8ECD-74714F9F7C10}.Debug|Any CPU.ActiveCfg = Debug|Any CPU
		{F52E31A7-4BE8-41FD-8ECD-74714F9F7C10}.Debug|Any CPU.Build.0 = Debug|Any CPU
		{F52E31A7-4BE8-41FD-8ECD-74714F9F7C10}.Release|Any CPU.ActiveCfg = Release|Any CPU
		{F52E31A7-4BE8-41FD-8ECD-74714F9F7C10}.Release|Any CPU.Build.0 = Release|Any CPU
		{C20C69D7-6DD2-430A-BDB7-FC9C32DB77FD}.Debug|Any CPU.ActiveCfg = Debug|Any CPU
		{C20C69D7-6DD2-430A-BDB7-FC9C32DB77FD}.Debug|Any CPU.Build.0 = Debug|Any CPU
		{C20C69D7-6DD2-430A-BDB7-FC9C32DB77FD}.Release|Any CPU.ActiveCfg = Release|Any CPU
		{C20C69D7-6DD2-430A-BDB7-FC9C32DB77FD}.Release|Any CPU.Build.0 = Release|Any CPU
	EndGlobalSection
	GlobalSection(SolutionProperties) = preSolution
		HideSolutionNode = FALSE
	EndGlobalSection
	GlobalSection(ExtensibilityGlobals) = postSolution
		SolutionGuid = {3A1607DB-10BB-457E-A778-737137A2E513}
	EndGlobalSection
EndGlobal
